
Microsoft Visual Studio Solution File, Format Version 12.00
# Visual Studio Version 16
VisualStudioVersion = 16.0.33920.266
MinimumVisualStudioVersion = 10.0.40219.1
Project("{FAE04EC0-301F-11D3-BF4B-00C04F79EFBC}") = "MikuLogicPuzzler", "MikuLogicPuzzler.csproj", "{4B767880-86FA-4FF3-BD22-F5856292E4D7}"
EndProject
Project("{FAE04EC0-301F-11D3-BF4B-00C04F79EFBC}") = "MikuPuzzleShuffler", "..\MikuPuzzleShuffler\MikuPuzzleShuffler.csproj", "{C487E78E-74F2-4A7D-9C53-F827FF84A7F4}"
EndProject
Global
	GlobalSection(SolutionConfigurationPlatforms) = preSolution
		Debug|Any CPU = Debug|Any CPU
		Release|Any CPU = Release|Any CPU
	EndGlobalSection
	GlobalSection(ProjectConfigurationPlatforms) = postSolution
		{4B767880-86FA-4FF3-BD22-F5856292E4D7}.Debug|Any CPU.ActiveCfg = Debug|Any CPU
		{4B767880-86FA-4FF3-BD22-F5856292E4D7}.Debug|Any CPU.Build.0 = Debug|Any CPU
		{4B767880-86FA-4FF3-BD22-F5856292E4D7}.Release|Any CPU.ActiveCfg = Release|Any CPU
		{4B767880-86FA-4FF3-BD22-F5856292E4D7}.Release|Any CPU.Build.0 = Release|Any CPU
		{C487E78E-74F2-4A7D-9C53-F827FF84A7F4}.Debug|Any CPU.ActiveCfg = Debug|Any CPU
		{C487E78E-74F2-4A7D-9C53-F827FF84A7F4}.Debug|Any CPU.Build.0 = Debug|Any CPU
		{C487E78E-74F2-4A7D-9C53-F827FF84A7F4}.Release|Any CPU.ActiveCfg = Release|Any CPU
		{C487E78E-74F2-4A7D-9C53-F827FF84A7F4}.Release|Any CPU.Build.0 = Release|Any CPU
	EndGlobalSection
	GlobalSection(SolutionProperties) = preSolution
		HideSolutionNode = FALSE
	EndGlobalSection
	GlobalSection(ExtensibilityGlobals) = postSolution
		SolutionGuid = {CE8FBA5A-101D-4528-A5C6-B9D630FCB273}
	EndGlobalSection
EndGlobal
